
Microsoft Visual Studio Solution File, Format Version 12.00
# Visual Studio Version 17
VisualStudioVersion = 17.8.34511.84
MinimumVisualStudioVersion = 10.0.40219.1
Project("{FAE04EC0-301F-11D3-BF4B-00C04F79EFBC}") = "api-crud-net", "api-crud-net\api-crud-net.csproj", "{75DDA178-45C1-4C48-A9A4-040E16DB4327}"
EndProject
Global
	GlobalSection(SolutionConfigurationPlatforms) = preSolution
		Debug|Any CPU = Debug|Any CPU
		Release|Any CPU = Release|Any CPU
	EndGlobalSection
	GlobalSection(ProjectConfigurationPlatforms) = postSolution
		{75DDA178-45C1-4C48-A9A4-040E16DB4327}.Debug|Any CPU.ActiveCfg = Debug|Any CPU
		{75DDA178-45C1-4C48-A9A4-040E16DB4327}.Debug|Any CPU.Build.0 = Debug|Any CPU
		{75DDA178-45C1-4C48-A9A4-040E16DB4327}.Release|Any CPU.ActiveCfg = Release|Any CPU
		{75DDA178-45C1-4C48-A9A4-040E16DB4327}.Release|Any CPU.Build.0 = Release|Any CPU
	EndGlobalSection
	GlobalSection(SolutionProperties) = preSolution
		HideSolutionNode = FALSE
	EndGlobalSection
	GlobalSection(ExtensibilityGlobals) = postSolution
		SolutionGuid = {3FB58BB3-9EA4-4D30-ABCF-4F6B4A839C2B}
	EndGlobalSection
EndGlobal
